
Microsoft Visual Studio Solution File, Format Version 12.00
# Visual Studio 15
VisualStudioVersion = 15.0.28010.2026
MinimumVisualStudioVersion = 10.0.40219.1
Project("{FAE04EC0-301F-11D3-BF4B-00C04F79EFBC}") = "Assembly-Browser", "Assembly-Browser\Assembly-Browser.csproj", "{0EDF2FFC-6BE7-49F6-85A4-E3AD6CC7F125}"
EndProject
Project("{FAE04EC0-301F-11D3-BF4B-00C04F79EFBC}") = "AssemblyBrowserLibrary", "AssemblyBrowserLibrary\AssemblyBrowserLibrary\AssemblyBrowserLibrary.csproj", "{B2C1D76D-001B-4AEB-A9EF-844FCFD84A7C}"
EndProject
Project("{FAE04EC0-301F-11D3-BF4B-00C04F79EFBC}") = "AssemblyBrowserTests", "AssemblyBrowserTests\AssemblyBrowserTests.csproj", "{EE2028A5-DFAA-498E-9A4F-FD52BA4E491D}"
EndProject
Global
	GlobalSection(SolutionConfigurationPlatforms) = preSolution
		Debug|Any CPU = Debug|Any CPU
		Release|Any CPU = Release|Any CPU
	EndGlobalSection
	GlobalSection(ProjectConfigurationPlatforms) = postSolution
		{0EDF2FFC-6BE7-49F6-85A4-E3AD6CC7F125}.Debug|Any CPU.ActiveCfg = Debug|Any CPU
		{0EDF2FFC-6BE7-49F6-85A4-E3AD6CC7F125}.Debug|Any CPU.Build.0 = Debug|Any CPU
		{0EDF2FFC-6BE7-49F6-85A4-E3AD6CC7F125}.Release|Any CPU.ActiveCfg = Release|Any CPU
		{0EDF2FFC-6BE7-49F6-85A4-E3AD6CC7F125}.Release|Any CPU.Build.0 = Release|Any CPU
		{B2C1D76D-001B-4AEB-A9EF-844FCFD84A7C}.Debug|Any CPU.ActiveCfg = Debug|Any CPU
		{B2C1D76D-001B-4AEB-A9EF-844FCFD84A7C}.Debug|Any CPU.Build.0 = Debug|Any CPU
		{B2C1D76D-001B-4AEB-A9EF-844FCFD84A7C}.Release|Any CPU.ActiveCfg = Release|Any CPU
		{B2C1D76D-001B-4AEB-A9EF-844FCFD84A7C}.Release|Any CPU.Build.0 = Release|Any CPU
		{EE2028A5-DFAA-498E-9A4F-FD52BA4E491D}.Debug|Any CPU.ActiveCfg = Debug|Any CPU
		{EE2028A5-DFAA-498E-9A4F-FD52BA4E491D}.Debug|Any CPU.Build.0 = Debug|Any CPU
		{EE2028A5-DFAA-498E-9A4F-FD52BA4E491D}.Release|Any CPU.ActiveCfg = Release|Any CPU
		{EE2028A5-DFAA-498E-9A4F-FD52BA4E491D}.Release|Any CPU.Build.0 = Release|Any CPU
	EndGlobalSection
	GlobalSection(SolutionProperties) = preSolution
		HideSolutionNode = FALSE
	EndGlobalSection
	GlobalSection(ExtensibilityGlobals) = postSolution
		SolutionGuid = {E578F44B-D814-44B2-AA17-FD0FCF69640A}
	EndGlobalSection
EndGlobal
